
Microsoft Visual Studio Solution File, Format Version 12.00
# Visual Studio 15
VisualStudioVersion = 15.0.28010.2003
MinimumVisualStudioVersion = 10.0.40219.1
Project("{FAE04EC0-301F-11D3-BF4B-00C04F79EFBC}") = "QrCodeGenerator", "QrCodeGenerator\QrCodeGenerator.csproj", "{A0891B1F-C779-41C0-AA9F-EBBFAAF106EB}"
EndProject
Global
	GlobalSection(SolutionConfigurationPlatforms) = preSolution
		Debug|Any CPU = Debug|Any CPU
		Release|Any CPU = Release|Any CPU
	EndGlobalSection
	GlobalSection(ProjectConfigurationPlatforms) = postSolution
		{A0891B1F-C779-41C0-AA9F-EBBFAAF106EB}.Debug|Any CPU.ActiveCfg = Debug|Any CPU
		{A0891B1F-C779-41C0-AA9F-EBBFAAF106EB}.Debug|Any CPU.Build.0 = Debug|Any CPU
		{A0891B1F-C779-41C0-AA9F-EBBFAAF106EB}.Release|Any CPU.ActiveCfg = Release|Any CPU
		{A0891B1F-C779-41C0-AA9F-EBBFAAF106EB}.Release|Any CPU.Build.0 = Release|Any CPU
	EndGlobalSection
	GlobalSection(SolutionProperties) = preSolution
		HideSolutionNode = FALSE
	EndGlobalSection
	GlobalSection(ExtensibilityGlobals) = postSolution
		SolutionGuid = {41891B7C-0614-4F66-A720-DBF6333DE163}
	EndGlobalSection
EndGlobal
